
Microsoft Visual Studio Solution File, Format Version 12.00
# Visual Studio 15
VisualStudioVersion = 15.0.28307.421
MinimumVisualStudioVersion = 10.0.40219.1
Project("{FAE04EC0-301F-11D3-BF4B-00C04F79EFBC}") = "TimeRecorder", "TimeRecorder\TimeRecorder.csproj", "{CFE5E1C3-1208-451A-948A-9C41436C1354}"
EndProject
Project("{9A19103F-16F7-4668-BE54-9A1E7A4F7556}") = "Server.WebAPI", "WebAPI\Server.WebAPI.csproj", "{EABBBC28-180B-4F41-8F94-30FBC2369929}"
EndProject
Project("{9A19103F-16F7-4668-BE54-9A1E7A4F7556}") = "Server.RepositoryLayer", "RepositoryLayer\Server.RepositoryLayer.csproj", "{CCC1A579-1CA9-414D-993B-EA15F8ADBA8F}"
EndProject
Project("{FAE04EC0-301F-11D3-BF4B-00C04F79EFBC}") = "TimeRecorder.Tests", "TimeRecorder.Tests\TimeRecorder.Tests.csproj", "{D083F840-FF7E-4545-A318-7F216EDDE8B0}"
EndProject
Project("{FAE04EC0-301F-11D3-BF4B-00C04F79EFBC}") = "TimeRecorder.Shared", "Shared\TimeRecorder.Shared.csproj", "{FD3DFF13-66D3-458C-BC8D-6F735900B42C}"
EndProject
Global
	GlobalSection(SolutionConfigurationPlatforms) = preSolution
		Debug|Any CPU = Debug|Any CPU
		Release|Any CPU = Release|Any CPU
	EndGlobalSection
	GlobalSection(ProjectConfigurationPlatforms) = postSolution
		{CFE5E1C3-1208-451A-948A-9C41436C1354}.Debug|Any CPU.ActiveCfg = Debug|Any CPU
		{CFE5E1C3-1208-451A-948A-9C41436C1354}.Debug|Any CPU.Build.0 = Debug|Any CPU
		{CFE5E1C3-1208-451A-948A-9C41436C1354}.Release|Any CPU.ActiveCfg = Release|Any CPU
		{CFE5E1C3-1208-451A-948A-9C41436C1354}.Release|Any CPU.Build.0 = Release|Any CPU
		{EABBBC28-180B-4F41-8F94-30FBC2369929}.Debug|Any CPU.ActiveCfg = Debug|Any CPU
		{EABBBC28-180B-4F41-8F94-30FBC2369929}.Debug|Any CPU.Build.0 = Debug|Any CPU
		{EABBBC28-180B-4F41-8F94-30FBC2369929}.Release|Any CPU.ActiveCfg = Release|Any CPU
		{EABBBC28-180B-4F41-8F94-30FBC2369929}.Release|Any CPU.Build.0 = Release|Any CPU
		{CCC1A579-1CA9-414D-993B-EA15F8ADBA8F}.Debug|Any CPU.ActiveCfg = Debug|Any CPU
		{CCC1A579-1CA9-414D-993B-EA15F8ADBA8F}.Debug|Any CPU.Build.0 = Debug|Any CPU
		{CCC1A579-1CA9-414D-993B-EA15F8ADBA8F}.Release|Any CPU.ActiveCfg = Release|Any CPU
		{CCC1A579-1CA9-414D-993B-EA15F8ADBA8F}.Release|Any CPU.Build.0 = Release|Any CPU
		{D083F840-FF7E-4545-A318-7F216EDDE8B0}.Debug|Any CPU.ActiveCfg = Debug|Any CPU
		{D083F840-FF7E-4545-A318-7F216EDDE8B0}.Debug|Any CPU.Build.0 = Debug|Any CPU
		{D083F840-FF7E-4545-A318-7F216EDDE8B0}.Release|Any CPU.ActiveCfg = Release|Any CPU
		{D083F840-FF7E-4545-A318-7F216EDDE8B0}.Release|Any CPU.Build.0 = Release|Any CPU
		{FD3DFF13-66D3-458C-BC8D-6F735900B42C}.Debug|Any CPU.ActiveCfg = Debug|Any CPU
		{FD3DFF13-66D3-458C-BC8D-6F735900B42C}.Debug|Any CPU.Build.0 = Debug|Any CPU
		{FD3DFF13-66D3-458C-BC8D-6F735900B42C}.Release|Any CPU.ActiveCfg = Release|Any CPU
		{FD3DFF13-66D3-458C-BC8D-6F735900B42C}.Release|Any CPU.Build.0 = Release|Any CPU
	EndGlobalSection
	GlobalSection(SolutionProperties) = preSolution
		HideSolutionNode = FALSE
	EndGlobalSection
	GlobalSection(ExtensibilityGlobals) = postSolution
		SolutionGuid = {6207C3EC-0EB1-47C1-9E6B-2C7400F96C46}
	EndGlobalSection
EndGlobal
